// !$*UTF8*$!
{
	archiveVersion = 1;
	classes = {
	};
	objectVersion = 50;
	objects = {

/* Begin PBXBuildFile section */
		8318968A22714B0B0065D11C /* MovieDBError.swift in Sources */ = {isa = PBXBuildFile; fileRef = 8318968922714B0B0065D11C /* MovieDBError.swift */; };
		8318968C22714F310065D11C /* ImageSize.swift in Sources */ = {isa = PBXBuildFile; fileRef = 8318968B22714F310065D11C /* ImageSize.swift */; };
		8318968E227233120065D11C /* Result.swift in Sources */ = {isa = PBXBuildFile; fileRef = 8318968D227233120065D11C /* Result.swift */; };
		831896902272397C0065D11C /* MovieWorker.swift in Sources */ = {isa = PBXBuildFile; fileRef = 8318968F2272397C0065D11C /* MovieWorker.swift */; };
		8318969222723CE00065D11C /* ListMoviesRouter.swift in Sources */ = {isa = PBXBuildFile; fileRef = 8318969122723CE00065D11C /* ListMoviesRouter.swift */; };
		8318969422723D330065D11C /* ListMoviesInteractor.swift in Sources */ = {isa = PBXBuildFile; fileRef = 8318969322723D330065D11C /* ListMoviesInteractor.swift */; };
		8318969622723D8C0065D11C /* ListMoviesModels.swift in Sources */ = {isa = PBXBuildFile; fileRef = 8318969522723D8C0065D11C /* ListMoviesModels.swift */; };
		83189698227240690065D11C /* ListMoviesPresenter.swift in Sources */ = {isa = PBXBuildFile; fileRef = 83189697227240690065D11C /* ListMoviesPresenter.swift */; };
		8318969A2272422A0065D11C /* ListMoviesVC.swift in Sources */ = {isa = PBXBuildFile; fileRef = 831896992272422A0065D11C /* ListMoviesVC.swift */; };
		8374274222725F4D0030762C /* MovieList.swift in Sources */ = {isa = PBXBuildFile; fileRef = 8374274122725F4D0030762C /* MovieList.swift */; };
		8374274522726AA20030762C /* MovieUpcomingCell.swift in Sources */ = {isa = PBXBuildFile; fileRef = 8374274422726AA20030762C /* MovieUpcomingCell.swift */; };
		837427472273DAB10030762C /* MoviesCollectionView.swift in Sources */ = {isa = PBXBuildFile; fileRef = 837427462273DAB10030762C /* MoviesCollectionView.swift */; };
		8374274B2273E4400030762C /* PosterMovieCell.swift in Sources */ = {isa = PBXBuildFile; fileRef = 8374274A2273E4400030762C /* PosterMovieCell.swift */; };
		8374274D2273EC370030762C /* PostersCell.swift in Sources */ = {isa = PBXBuildFile; fileRef = 8374274C2273EC370030762C /* PostersCell.swift */; };
		8374275022769E1A0030762C /* DetailMovieVC.swift in Sources */ = {isa = PBXBuildFile; fileRef = 8374274F22769E1A0030762C /* DetailMovieVC.swift */; };
		8374275222769EDE0030762C /* DetailMovieRouter.swift in Sources */ = {isa = PBXBuildFile; fileRef = 8374275122769EDE0030762C /* DetailMovieRouter.swift */; };
		8374275422769F590030762C /* DetailMovieInteractor.swift in Sources */ = {isa = PBXBuildFile; fileRef = 8374275322769F590030762C /* DetailMovieInteractor.swift */; };
		83742756227873110030762C /* DetailMovie.swift in Sources */ = {isa = PBXBuildFile; fileRef = 83742755227873110030762C /* DetailMovie.swift */; };
		8393AB682270A5AA00C0959F /* AppDelegate.swift in Sources */ = {isa = PBXBuildFile; fileRef = 8393AB672270A5AA00C0959F /* AppDelegate.swift */; };
		8393AB6D2270A5AA00C0959F /* Main.storyboard in Resources */ = {isa = PBXBuildFile; fileRef = 8393AB6B2270A5AA00C0959F /* Main.storyboard */; };
		8393AB6F2270A5AB00C0959F /* Assets.xcassets in Resources */ = {isa = PBXBuildFile; fileRef = 8393AB6E2270A5AB00C0959F /* Assets.xcassets */; };
		8393AB722270A5AB00C0959F /* LaunchScreen.storyboard in Resources */ = {isa = PBXBuildFile; fileRef = 8393AB702270A5AB00C0959F /* LaunchScreen.storyboard */; };
		8393AB842270AE5B00C0959F /* Movie.swift in Sources */ = {isa = PBXBuildFile; fileRef = 8393AB832270AE5B00C0959F /* Movie.swift */; };
		8393AB862270AF1C00C0959F /* Genre.swift in Sources */ = {isa = PBXBuildFile; fileRef = 8393AB852270AF1C00C0959F /* Genre.swift */; };
		8393AB8B2270B0A900C0959F /* Config.swift in Sources */ = {isa = PBXBuildFile; fileRef = 8393AB8A2270B0A900C0959F /* Config.swift */; };
		8393AB8D2270B16000C0959F /* MovieDBStoreProtocol.swift in Sources */ = {isa = PBXBuildFile; fileRef = 8393AB8C2270B16000C0959F /* MovieDBStoreProtocol.swift */; };
		8393AB8F2270B17700C0959F /* MovieDBAPI.swift in Sources */ = {isa = PBXBuildFile; fileRef = 8393AB8E2270B17700C0959F /* MovieDBAPI.swift */; };
		83E552512278EC7300CE0141 /* Company.swift in Sources */ = {isa = PBXBuildFile; fileRef = 83E552502278EC7300CE0141 /* Company.swift */; };
		83E552532278ED1E00CE0141 /* Country.swift in Sources */ = {isa = PBXBuildFile; fileRef = 83E552522278ED1E00CE0141 /* Country.swift */; };
		83E552552278ED9900CE0141 /* Language.swift in Sources */ = {isa = PBXBuildFile; fileRef = 83E552542278ED9900CE0141 /* Language.swift */; };
		83E552572278EDF200CE0141 /* MovieStatus.swift in Sources */ = {isa = PBXBuildFile; fileRef = 83E552562278EDF200CE0141 /* MovieStatus.swift */; };
		83E552592278FD1E00CE0141 /* DetailMoviePresenter.swift in Sources */ = {isa = PBXBuildFile; fileRef = 83E552582278FD1E00CE0141 /* DetailMoviePresenter.swift */; };
		83E5525B2278FE5200CE0141 /* DetailMovieModels.swift in Sources */ = {isa = PBXBuildFile; fileRef = 83E5525A2278FE5200CE0141 /* DetailMovieModels.swift */; };
		83E5525E22790BE800CE0141 /* Helpers.swift in Sources */ = {isa = PBXBuildFile; fileRef = 83E5525D22790BE800CE0141 /* Helpers.swift */; };
		83E5526122791D3400CE0141 /* MovieDBImage.swift in Sources */ = {isa = PBXBuildFile; fileRef = 83E5526022791D3400CE0141 /* MovieDBImage.swift */; };
		BB3E729C67A688B58EBFB21F /* Pods_MovieDB.framework in Frameworks */ = {isa = PBXBuildFile; fileRef = C03355BF87E872C78EDDCEFD /* Pods_MovieDB.framework */; };
/* End PBXBuildFile section */

/* Begin PBXFileReference section */
		736DE3488543C711C5DBE5D4 /* Pods-MovieDB.debug.xcconfig */ = {isa = PBXFileReference; includeInIndex = 1; lastKnownFileType = text.xcconfig; name = "Pods-MovieDB.debug.xcconfig"; path = "Pods/Target Support Files/Pods-MovieDB/Pods-MovieDB.debug.xcconfig"; sourceTree = "<group>"; };
		8318968922714B0B0065D11C /* MovieDBError.swift */ = {isa = PBXFileReference; lastKnownFileType = sourcecode.swift; path = MovieDBError.swift; sourceTree = "<group>"; };
		8318968B22714F310065D11C /* ImageSize.swift */ = {isa = PBXFileReference; lastKnownFileType = sourcecode.swift; path = ImageSize.swift; sourceTree = "<group>"; };
		8318968D227233120065D11C /* Result.swift */ = {isa = PBXFileReference; lastKnownFileType = sourcecode.swift; path = Result.swift; sourceTree = "<group>"; };
		8318968F2272397C0065D11C /* MovieWorker.swift */ = {isa = PBXFileReference; lastKnownFileType = sourcecode.swift; path = MovieWorker.swift; sourceTree = "<group>"; };
		8318969122723CE00065D11C /* ListMoviesRouter.swift */ = {isa = PBXFileReference; lastKnownFileType = sourcecode.swift; path = ListMoviesRouter.swift; sourceTree = "<group>"; };
		8318969322723D330065D11C /* ListMoviesInteractor.swift */ = {isa = PBXFileReference; lastKnownFileType = sourcecode.swift; path = ListMoviesInteractor.swift; sourceTree = "<group>"; };
		8318969522723D8C0065D11C /* ListMoviesModels.swift */ = {isa = PBXFileReference; lastKnownFileType = sourcecode.swift; path = ListMoviesModels.swift; sourceTree = "<group>"; };
		83189697227240690065D11C /* ListMoviesPresenter.swift */ = {isa = PBXFileReference; lastKnownFileType = sourcecode.swift; path = ListMoviesPresenter.swift; sourceTree = "<group>"; };
		831896992272422A0065D11C /* ListMoviesVC.swift */ = {isa = PBXFileReference; lastKnownFileType = sourcecode.swift; path = ListMoviesVC.swift; sourceTree = "<group>"; };
		8374274122725F4D0030762C /* MovieList.swift */ = {isa = PBXFileReference; lastKnownFileType = sourcecode.swift; path = MovieList.swift; sourceTree = "<group>"; };
		8374274422726AA20030762C /* MovieUpcomingCell.swift */ = {isa = PBXFileReference; lastKnownFileType = sourcecode.swift; path = MovieUpcomingCell.swift; sourceTree = "<group>"; };
		837427462273DAB10030762C /* MoviesCollectionView.swift */ = {isa = PBXFileReference; lastKnownFileType = sourcecode.swift; path = MoviesCollectionView.swift; sourceTree = "<group>"; };
		8374274A2273E4400030762C /* PosterMovieCell.swift */ = {isa = PBXFileReference; lastKnownFileType = sourcecode.swift; path = PosterMovieCell.swift; sourceTree = "<group>"; };
		8374274C2273EC370030762C /* PostersCell.swift */ = {isa = PBXFileReference; lastKnownFileType = sourcecode.swift; path = PostersCell.swift; sourceTree = "<group>"; };
		8374274F22769E1A0030762C /* DetailMovieVC.swift */ = {isa = PBXFileReference; lastKnownFileType = sourcecode.swift; path = DetailMovieVC.swift; sourceTree = "<group>"; };
		8374275122769EDE0030762C /* DetailMovieRouter.swift */ = {isa = PBXFileReference; lastKnownFileType = sourcecode.swift; path = DetailMovieRouter.swift; sourceTree = "<group>"; };
		8374275322769F590030762C /* DetailMovieInteractor.swift */ = {isa = PBXFileReference; lastKnownFileType = sourcecode.swift; path = DetailMovieInteractor.swift; sourceTree = "<group>"; };
		83742755227873110030762C /* DetailMovie.swift */ = {isa = PBXFileReference; lastKnownFileType = sourcecode.swift; path = DetailMovie.swift; sourceTree = "<group>"; };
		8393AB642270A5AA00C0959F /* MovieDB.app */ = {isa = PBXFileReference; explicitFileType = wrapper.application; includeInIndex = 0; path = MovieDB.app; sourceTree = BUILT_PRODUCTS_DIR; };
		8393AB672270A5AA00C0959F /* AppDelegate.swift */ = {isa = PBXFileReference; lastKnownFileType = sourcecode.swift; path = AppDelegate.swift; sourceTree = "<group>"; };
		8393AB6C2270A5AA00C0959F /* Base */ = {isa = PBXFileReference; lastKnownFileType = file.storyboard; name = Base; path = Base.lproj/Main.storyboard; sourceTree = "<group>"; };
		8393AB6E2270A5AB00C0959F /* Assets.xcassets */ = {isa = PBXFileReference; lastKnownFileType = folder.assetcatalog; path = Assets.xcassets; sourceTree = "<group>"; };
		8393AB712270A5AB00C0959F /* Base */ = {isa = PBXFileReference; lastKnownFileType = file.storyboard; name = Base; path = Base.lproj/LaunchScreen.storyboard; sourceTree = "<group>"; };
		8393AB732270A5AB00C0959F /* Info.plist */ = {isa = PBXFileReference; lastKnownFileType = text.plist.xml; path = Info.plist; sourceTree = "<group>"; };
		8393AB832270AE5B00C0959F /* Movie.swift */ = {isa = PBXFileReference; lastKnownFileType = sourcecode.swift; path = Movie.swift; sourceTree = "<group>"; };
		8393AB852270AF1C00C0959F /* Genre.swift */ = {isa = PBXFileReference; lastKnownFileType = sourcecode.swift; path = Genre.swift; sourceTree = "<group>"; };
		8393AB8A2270B0A900C0959F /* Config.swift */ = {isa = PBXFileReference; lastKnownFileType = sourcecode.swift; path = Config.swift; sourceTree = "<group>"; };
		8393AB8C2270B16000C0959F /* MovieDBStoreProtocol.swift */ = {isa = PBXFileReference; lastKnownFileType = sourcecode.swift; path = MovieDBStoreProtocol.swift; sourceTree = "<group>"; };
		8393AB8E2270B17700C0959F /* MovieDBAPI.swift */ = {isa = PBXFileReference; lastKnownFileType = sourcecode.swift; path = MovieDBAPI.swift; sourceTree = "<group>"; };
		83E552502278EC7300CE0141 /* Company.swift */ = {isa = PBXFileReference; lastKnownFileType = sourcecode.swift; path = Company.swift; sourceTree = "<group>"; };
		83E552522278ED1E00CE0141 /* Country.swift */ = {isa = PBXFileReference; lastKnownFileType = sourcecode.swift; path = Country.swift; sourceTree = "<group>"; };
		83E552542278ED9900CE0141 /* Language.swift */ = {isa = PBXFileReference; lastKnownFileType = sourcecode.swift; path = Language.swift; sourceTree = "<group>"; };
		83E552562278EDF200CE0141 /* MovieStatus.swift */ = {isa = PBXFileReference; lastKnownFileType = sourcecode.swift; path = MovieStatus.swift; sourceTree = "<group>"; };
		83E552582278FD1E00CE0141 /* DetailMoviePresenter.swift */ = {isa = PBXFileReference; lastKnownFileType = sourcecode.swift; path = DetailMoviePresenter.swift; sourceTree = "<group>"; };
		83E5525A2278FE5200CE0141 /* DetailMovieModels.swift */ = {isa = PBXFileReference; lastKnownFileType = sourcecode.swift; path = DetailMovieModels.swift; sourceTree = "<group>"; };
		83E5525D22790BE800CE0141 /* Helpers.swift */ = {isa = PBXFileReference; lastKnownFileType = sourcecode.swift; path = Helpers.swift; sourceTree = "<group>"; };
		83E5526022791D3400CE0141 /* MovieDBImage.swift */ = {isa = PBXFileReference; lastKnownFileType = sourcecode.swift; path = MovieDBImage.swift; sourceTree = "<group>"; };
		C03355BF87E872C78EDDCEFD /* Pods_MovieDB.framework */ = {isa = PBXFileReference; explicitFileType = wrapper.framework; includeInIndex = 0; path = Pods_MovieDB.framework; sourceTree = BUILT_PRODUCTS_DIR; };
		EE97099CB8BC881EE53BF7B7 /* Pods-MovieDB.release.xcconfig */ = {isa = PBXFileReference; includeInIndex = 1; lastKnownFileType = text.xcconfig; name = "Pods-MovieDB.release.xcconfig"; path = "Pods/Target Support Files/Pods-MovieDB/Pods-MovieDB.release.xcconfig"; sourceTree = "<group>"; };
/* End PBXFileReference section */

/* Begin PBXFrameworksBuildPhase section */
		8393AB612270A5AA00C0959F /* Frameworks */ = {
			isa = PBXFrameworksBuildPhase;
			buildActionMask = 2147483647;
			files = (
				BB3E729C67A688B58EBFB21F /* Pods_MovieDB.framework in Frameworks */,
			);
			runOnlyForDeploymentPostprocessing = 0;
		};
/* End PBXFrameworksBuildPhase section */

/* Begin PBXGroup section */
		230A21B86747B774FE553328 /* Frameworks */ = {
			isa = PBXGroup;
			children = (
				C03355BF87E872C78EDDCEFD /* Pods_MovieDB.framework */,
			);
			name = Frameworks;
			sourceTree = "<group>";
		};
		243D8DD267D39222CBC34355 /* Pods */ = {
			isa = PBXGroup;
			children = (
				736DE3488543C711C5DBE5D4 /* Pods-MovieDB.debug.xcconfig */,
				EE97099CB8BC881EE53BF7B7 /* Pods-MovieDB.release.xcconfig */,
			);
			name = Pods;
			sourceTree = "<group>";
		};
		8374274322726A4A0030762C /* Components */ = {
			isa = PBXGroup;
			children = (
				8374274422726AA20030762C /* MovieUpcomingCell.swift */,
				837427462273DAB10030762C /* MoviesCollectionView.swift */,
				8374274A2273E4400030762C /* PosterMovieCell.swift */,
				8374274C2273EC370030762C /* PostersCell.swift */,
			);
			path = Components;
			sourceTree = "<group>";
		};
		8374274E22769DF10030762C /* DetailMovie */ = {
			isa = PBXGroup;
			children = (
				83E5525A2278FE5200CE0141 /* DetailMovieModels.swift */,
				8374274F22769E1A0030762C /* DetailMovieVC.swift */,
				8374275122769EDE0030762C /* DetailMovieRouter.swift */,
				8374275322769F590030762C /* DetailMovieInteractor.swift */,
				83E552582278FD1E00CE0141 /* DetailMoviePresenter.swift */,
			);
			path = DetailMovie;
			sourceTree = "<group>";
		};
		8393AB5B2270A5AA00C0959F = {
			isa = PBXGroup;
			children = (
				8393AB662270A5AA00C0959F /* MovieDB */,
				8393AB652270A5AA00C0959F /* Products */,
				243D8DD267D39222CBC34355 /* Pods */,
				230A21B86747B774FE553328 /* Frameworks */,
			);
			sourceTree = "<group>";
		};
		8393AB652270A5AA00C0959F /* Products */ = {
			isa = PBXGroup;
			children = (
				8393AB642270A5AA00C0959F /* MovieDB.app */,
			);
			name = Products;
			sourceTree = "<group>";
		};
		8393AB662270A5AA00C0959F /* MovieDB */ = {
			isa = PBXGroup;
			children = (
				8393AB792270A60300C0959F /* Commons */,
				8393AB7A2270A60900C0959F /* Models */,
				8393AB7B2270A60E00C0959F /* Resources */,
				8393AB7C2270A61500C0959F /* Scenes */,
				8393AB7F2270A62900C0959F /* Supporting Files */,
				8393AB7D2270A61C00C0959F /* Services */,
				8393AB7E2270A62200C0959F /* Workers */,
			);
			path = MovieDB;
			sourceTree = "<group>";
		};
		8393AB792270A60300C0959F /* Commons */ = {
			isa = PBXGroup;
			children = (
				83E5525F22791D2700CE0141 /* Extensions */,
				8393AB872270B07400C0959F /* Constants */,
				83E5525D22790BE800CE0141 /* Helpers.swift */,
			);
			path = Commons;
			sourceTree = "<group>";
		};
		8393AB7A2270A60900C0959F /* Models */ = {
			isa = PBXGroup;
			children = (
				8393AB852270AF1C00C0959F /* Genre.swift */,
				8393AB832270AE5B00C0959F /* Movie.swift */,
				83742755227873110030762C /* DetailMovie.swift */,
				83E552502278EC7300CE0141 /* Company.swift */,
				83E552522278ED1E00CE0141 /* Country.swift */,
				83E552542278ED9900CE0141 /* Language.swift */,
			);
			path = Models;
			sourceTree = "<group>";
		};
		8393AB7B2270A60E00C0959F /* Resources */ = {
			isa = PBXGroup;
			children = (
				8393AB802270A64000C0959F /* Storyboards */,
				8393AB6E2270A5AB00C0959F /* Assets.xcassets */,
			);
			path = Resources;
			sourceTree = "<group>";
		};
		8393AB7C2270A61500C0959F /* Scenes */ = {
			isa = PBXGroup;
			children = (
				8374274E22769DF10030762C /* DetailMovie */,
				8393AB902270B4FC00C0959F /* ListMovies */,
			);
			path = Scenes;
			sourceTree = "<group>";
		};
		8393AB7D2270A61C00C0959F /* Services */ = {
			isa = PBXGroup;
			children = (
				8393AB8C2270B16000C0959F /* MovieDBStoreProtocol.swift */,
				8393AB8E2270B17700C0959F /* MovieDBAPI.swift */,
			);
			path = Services;
			sourceTree = "<group>";
		};
		8393AB7E2270A62200C0959F /* Workers */ = {
			isa = PBXGroup;
			children = (
				8318968F2272397C0065D11C /* MovieWorker.swift */,
			);
			path = Workers;
			sourceTree = "<group>";
		};
		8393AB7F2270A62900C0959F /* Supporting Files */ = {
			isa = PBXGroup;
			children = (
				8393AB732270A5AB00C0959F /* Info.plist */,
				8393AB672270A5AA00C0959F /* AppDelegate.swift */,
			);
			path = "Supporting Files";
			sourceTree = "<group>";
		};
		8393AB802270A64000C0959F /* Storyboards */ = {
			isa = PBXGroup;
			children = (
				8393AB702270A5AB00C0959F /* LaunchScreen.storyboard */,
				8393AB6B2270A5AA00C0959F /* Main.storyboard */,
			);
			path = Storyboards;
			sourceTree = "<group>";
		};
		8393AB872270B07400C0959F /* Constants */ = {
			isa = PBXGroup;
			children = (
				8393AB8A2270B0A900C0959F /* Config.swift */,
				8318968B22714F310065D11C /* ImageSize.swift */,
				8318968D227233120065D11C /* Result.swift */,
				8318968922714B0B0065D11C /* MovieDBError.swift */,
				8374274122725F4D0030762C /* MovieList.swift */,
				83E552562278EDF200CE0141 /* MovieStatus.swift */,
			);
			path = Constants;
			sourceTree = "<group>";
		};
		8393AB902270B4FC00C0959F /* ListMovies */ = {
			isa = PBXGroup;
			children = (
				8374274322726A4A0030762C /* Components */,
				8318969522723D8C0065D11C /* ListMoviesModels.swift */,
				8318969122723CE00065D11C /* ListMoviesRouter.swift */,
				831896992272422A0065D11C /* ListMoviesVC.swift */,
				8318969322723D330065D11C /* ListMoviesInteractor.swift */,
				83189697227240690065D11C /* ListMoviesPresenter.swift */,
			);
			path = ListMovies;
			sourceTree = "<group>";
		};
		83E5525F22791D2700CE0141 /* Extensions */ = {
			isa = PBXGroup;
			children = (
				83E5526022791D3400CE0141 /* MovieDBImage.swift */,
			);
			path = Extensions;
			sourceTree = "<group>";
		};
/* End PBXGroup section */

/* Begin PBXNativeTarget section */
		8393AB632270A5AA00C0959F /* MovieDB */ = {
			isa = PBXNativeTarget;
			buildConfigurationList = 8393AB762270A5AB00C0959F /* Build configuration list for PBXNativeTarget "MovieDB" */;
			buildPhases = (
				84D3C06EDC08F47AB45DCB47 /* [CP] Check Pods Manifest.lock */,
				8393AB602270A5AA00C0959F /* Sources */,
				8393AB612270A5AA00C0959F /* Frameworks */,
				8393AB622270A5AA00C0959F /* Resources */,
				B3E7C2648B73C6909950D3DE /* [CP] Embed Pods Frameworks */,
			);
			buildRules = (
			);
			dependencies = (
			);
			name = MovieDB;
			productName = MovieDB;
			productReference = 8393AB642270A5AA00C0959F /* MovieDB.app */;
			productType = "com.apple.product-type.application";
		};
/* End PBXNativeTarget section */

/* Begin PBXProject section */
		8393AB5C2270A5AA00C0959F /* Project object */ = {
			isa = PBXProject;
			attributes = {
				LastSwiftUpdateCheck = 1020;
				LastUpgradeCheck = 1020;
				ORGANIZATIONNAME = JHT;
				TargetAttributes = {
					8393AB632270A5AA00C0959F = {
						CreatedOnToolsVersion = 10.2.1;
					};
				};
			};
			buildConfigurationList = 8393AB5F2270A5AA00C0959F /* Build configuration list for PBXProject "MovieDB" */;
			compatibilityVersion = "Xcode 9.3";
			developmentRegion = en;
			hasScannedForEncodings = 0;
			knownRegions = (
				en,
				Base,
			);
			mainGroup = 8393AB5B2270A5AA00C0959F;
			productRefGroup = 8393AB652270A5AA00C0959F /* Products */;
			projectDirPath = "";
			projectRoot = "";
			targets = (
				8393AB632270A5AA00C0959F /* MovieDB */,
			);
		};
/* End PBXProject section */

/* Begin PBXResourcesBuildPhase section */
		8393AB622270A5AA00C0959F /* Resources */ = {
			isa = PBXResourcesBuildPhase;
			buildActionMask = 2147483647;
			files = (
				8393AB722270A5AB00C0959F /* LaunchScreen.storyboard in Resources */,
				8393AB6F2270A5AB00C0959F /* Assets.xcassets in Resources */,
				8393AB6D2270A5AA00C0959F /* Main.storyboard in Resources */,
			);
			runOnlyForDeploymentPostprocessing = 0;
		};
/* End PBXResourcesBuildPhase section */

/* Begin PBXShellScriptBuildPhase section */
		84D3C06EDC08F47AB45DCB47 /* [CP] Check Pods Manifest.lock */ = {
			isa = PBXShellScriptBuildPhase;
			buildActionMask = 2147483647;
			files = (
			);
			inputFileListPaths = (
			);
			inputPaths = (
				"${PODS_PODFILE_DIR_PATH}/Podfile.lock",
				"${PODS_ROOT}/Manifest.lock",
			);
			name = "[CP] Check Pods Manifest.lock";
			outputFileListPaths = (
			);
			outputPaths = (
				"$(DERIVED_FILE_DIR)/Pods-MovieDB-checkManifestLockResult.txt",
			);
			runOnlyForDeploymentPostprocessing = 0;
			shellPath = /bin/sh;
			shellScript = "diff \"${PODS_PODFILE_DIR_PATH}/Podfile.lock\" \"${PODS_ROOT}/Manifest.lock\" > /dev/null\nif [ $? != 0 ] ; then\n    # print error to STDERR\n    echo \"error: The sandbox is not in sync with the Podfile.lock. Run 'pod install' or update your CocoaPods installation.\" >&2\n    exit 1\nfi\n# This output is used by Xcode 'outputs' to avoid re-running this script phase.\necho \"SUCCESS\" > \"${SCRIPT_OUTPUT_FILE_0}\"\n";
			showEnvVarsInLog = 0;
		};
		B3E7C2648B73C6909950D3DE /* [CP] Embed Pods Frameworks */ = {
			isa = PBXShellScriptBuildPhase;
			buildActionMask = 2147483647;
			files = (
			);
			inputFileListPaths = (
			);
			inputPaths = (
				"${SRCROOT}/Pods/Target Support Files/Pods-MovieDB/Pods-MovieDB-frameworks.sh",
				"${BUILT_PRODUCTS_DIR}/Alamofire/Alamofire.framework",
				"${BUILT_PRODUCTS_DIR}/AlamofireImage/AlamofireImage.framework",
			);
			name = "[CP] Embed Pods Frameworks";
			outputFileListPaths = (
			);
			outputPaths = (
				"${TARGET_BUILD_DIR}/${FRAMEWORKS_FOLDER_PATH}/Alamofire.framework",
				"${TARGET_BUILD_DIR}/${FRAMEWORKS_FOLDER_PATH}/AlamofireImage.framework",
			);
			runOnlyForDeploymentPostprocessing = 0;
			shellPath = /bin/sh;
			shellScript = "\"${SRCROOT}/Pods/Target Support Files/Pods-MovieDB/Pods-MovieDB-frameworks.sh\"\n";
			showEnvVarsInLog = 0;
		};
/* End PBXShellScriptBuildPhase section */

/* Begin PBXSourcesBuildPhase section */
		8393AB602270A5AA00C0959F /* Sources */ = {
			isa = PBXSourcesBuildPhase;
			buildActionMask = 2147483647;
			files = (
				8393AB862270AF1C00C0959F /* Genre.swift in Sources */,
				837427472273DAB10030762C /* MoviesCollectionView.swift in Sources */,
				83189698227240690065D11C /* ListMoviesPresenter.swift in Sources */,
				8393AB8B2270B0A900C0959F /* Config.swift in Sources */,
				83E552532278ED1E00CE0141 /* Country.swift in Sources */,
				8393AB842270AE5B00C0959F /* Movie.swift in Sources */,
				8393AB8D2270B16000C0959F /* MovieDBStoreProtocol.swift in Sources */,
				8318968C22714F310065D11C /* ImageSize.swift in Sources */,
				83E552572278EDF200CE0141 /* MovieStatus.swift in Sources */,
				8374274222725F4D0030762C /* MovieList.swift in Sources */,
				83E552512278EC7300CE0141 /* Company.swift in Sources */,
				8374274522726AA20030762C /* MovieUpcomingCell.swift in Sources */,
				8374275422769F590030762C /* DetailMovieInteractor.swift in Sources */,
				8374275022769E1A0030762C /* DetailMovieVC.swift in Sources */,
				8318968E227233120065D11C /* Result.swift in Sources */,
				83E5525B2278FE5200CE0141 /* DetailMovieModels.swift in Sources */,
				8318969A2272422A0065D11C /* ListMoviesVC.swift in Sources */,
				8318968A22714B0B0065D11C /* MovieDBError.swift in Sources */,
				8374274D2273EC370030762C /* PostersCell.swift in Sources */,
				8318969422723D330065D11C /* ListMoviesInteractor.swift in Sources */,
				8374274B2273E4400030762C /* PosterMovieCell.swift in Sources */,
				83E552592278FD1E00CE0141 /* DetailMoviePresenter.swift in Sources */,
				83E5526122791D3400CE0141 /* MovieDBImage.swift in Sources */,
				8374275222769EDE0030762C /* DetailMovieRouter.swift in Sources */,
				8393AB8F2270B17700C0959F /* MovieDBAPI.swift in Sources */,
				83E552552278ED9900CE0141 /* Language.swift in Sources */,
				8318969222723CE00065D11C /* ListMoviesRouter.swift in Sources */,
				83E5525E22790BE800CE0141 /* Helpers.swift in Sources */,
				8393AB682270A5AA00C0959F /* AppDelegate.swift in Sources */,
				831896902272397C0065D11C /* MovieWorker.swift in Sources */,
				8318969622723D8C0065D11C /* ListMoviesModels.swift in Sources */,
				83742756227873110030762C /* DetailMovie.swift in Sources */,
			);
			runOnlyForDeploymentPostprocessing = 0;
		};
/* End PBXSourcesBuildPhase section */

/* Begin PBXVariantGroup section */
		8393AB6B2270A5AA00C0959F /* Main.storyboard */ = {
			isa = PBXVariantGroup;
			children = (
				8393AB6C2270A5AA00C0959F /* Base */,
			);
			name = Main.storyboard;
			sourceTree = "<group>";
		};
		8393AB702270A5AB00C0959F /* LaunchScreen.storyboard */ = {
			isa = PBXVariantGroup;
			children = (
				8393AB712270A5AB00C0959F /* Base */,
			);
			name = LaunchScreen.storyboard;
			sourceTree = "<group>";
		};
/* End PBXVariantGroup section */

/* Begin XCBuildConfiguration section */
		8393AB742270A5AB00C0959F /* Debug */ = {
			isa = XCBuildConfiguration;
			buildSettings = {
				ALWAYS_SEARCH_USER_PATHS = NO;
				CLANG_ANALYZER_NONNULL = YES;
				CLANG_ANALYZER_NUMBER_OBJECT_CONVERSION = YES_AGGRESSIVE;
				CLANG_CXX_LANGUAGE_STANDARD = "gnu++14";
				CLANG_CXX_LIBRARY = "libc++";
				CLANG_ENABLE_MODULES = YES;
				CLANG_ENABLE_OBJC_ARC = YES;
				CLANG_ENABLE_OBJC_WEAK = YES;
				CLANG_WARN_BLOCK_CAPTURE_AUTORELEASING = YES;
				CLANG_WARN_BOOL_CONVERSION = YES;
				CLANG_WARN_COMMA = YES;
				CLANG_WARN_CONSTANT_CONVERSION = YES;
				CLANG_WARN_DEPRECATED_OBJC_IMPLEMENTATIONS = YES;
				CLANG_WARN_DIRECT_OBJC_ISA_USAGE = YES_ERROR;
				CLANG_WARN_DOCUMENTATION_COMMENTS = YES;
				CLANG_WARN_EMPTY_BODY = YES;
				CLANG_WARN_ENUM_CONVERSION = YES;
				CLANG_WARN_INFINITE_RECURSION = YES;
				CLANG_WARN_INT_CONVERSION = YES;
				CLANG_WARN_NON_LITERAL_NULL_CONVERSION = YES;
				CLANG_WARN_OBJC_IMPLICIT_RETAIN_SELF = YES;
				CLANG_WARN_OBJC_LITERAL_CONVERSION = YES;
				CLANG_WARN_OBJC_ROOT_CLASS = YES_ERROR;
				CLANG_WARN_RANGE_LOOP_ANALYSIS = YES;
				CLANG_WARN_STRICT_PROTOTYPES = YES;
				CLANG_WARN_SUSPICIOUS_MOVE = YES;
				CLANG_WARN_UNGUARDED_AVAILABILITY = YES_AGGRESSIVE;
				CLANG_WARN_UNREACHABLE_CODE = YES;
				CLANG_WARN__DUPLICATE_METHOD_MATCH = YES;
				CODE_SIGN_IDENTITY = "iPhone Developer";
				COPY_PHASE_STRIP = NO;
				DEBUG_INFORMATION_FORMAT = dwarf;
				ENABLE_STRICT_OBJC_MSGSEND = YES;
				ENABLE_TESTABILITY = YES;
				GCC_C_LANGUAGE_STANDARD = gnu11;
				GCC_DYNAMIC_NO_PIC = NO;
				GCC_NO_COMMON_BLOCKS = YES;
				GCC_OPTIMIZATION_LEVEL = 0;
				GCC_PREPROCESSOR_DEFINITIONS = (
					"DEBUG=1",
					"$(inherited)",
				);
				GCC_WARN_64_TO_32_BIT_CONVERSION = YES;
				GCC_WARN_ABOUT_RETURN_TYPE = YES_ERROR;
				GCC_WARN_UNDECLARED_SELECTOR = YES;
				GCC_WARN_UNINITIALIZED_AUTOS = YES_AGGRESSIVE;
				GCC_WARN_UNUSED_FUNCTION = YES;
				GCC_WARN_UNUSED_VARIABLE = YES;
				IPHONEOS_DEPLOYMENT_TARGET = 12.2;
				MTL_ENABLE_DEBUG_INFO = INCLUDE_SOURCE;
				MTL_FAST_MATH = YES;
				ONLY_ACTIVE_ARCH = YES;
				SDKROOT = iphoneos;
				SWIFT_ACTIVE_COMPILATION_CONDITIONS = DEBUG;
				SWIFT_OPTIMIZATION_LEVEL = "-Onone";
			};
			name = Debug;
		};
		8393AB752270A5AB00C0959F /* Release */ = {
			isa = XCBuildConfiguration;
			buildSettings = {
				ALWAYS_SEARCH_USER_PATHS = NO;
				CLANG_ANALYZER_NONNULL = YES;
				CLANG_ANALYZER_NUMBER_OBJECT_CONVERSION = YES_AGGRESSIVE;
				CLANG_CXX_LANGUAGE_STANDARD = "gnu++14";
				CLANG_CXX_LIBRARY = "libc++";
				CLANG_ENABLE_MODULES = YES;
				CLANG_ENABLE_OBJC_ARC = YES;
				CLANG_ENABLE_OBJC_WEAK = YES;
				CLANG_WARN_BLOCK_CAPTURE_AUTORELEASING = YES;
				CLANG_WARN_BOOL_CONVERSION = YES;
				CLANG_WARN_COMMA = YES;
				CLANG_WARN_CONSTANT_CONVERSION = YES;
				CLANG_WARN_DEPRECATED_OBJC_IMPLEMENTATIONS = YES;
				CLANG_WARN_DIRECT_OBJC_ISA_USAGE = YES_ERROR;
				CLANG_WARN_DOCUMENTATION_COMMENTS = YES;
				CLANG_WARN_EMPTY_BODY = YES;
				CLANG_WARN_ENUM_CONVERSION = YES;
				CLANG_WARN_INFINITE_RECURSION = YES;
				CLANG_WARN_INT_CONVERSION = YES;
				CLANG_WARN_NON_LITERAL_NULL_CONVERSION = YES;
				CLANG_WARN_OBJC_IMPLICIT_RETAIN_SELF = YES;
				CLANG_WARN_OBJC_LITERAL_CONVERSION = YES;
				CLANG_WARN_OBJC_ROOT_CLASS = YES_ERROR;
				CLANG_WARN_RANGE_LOOP_ANALYSIS = YES;
				CLANG_WARN_STRICT_PROTOTYPES = YES;
				CLANG_WARN_SUSPICIOUS_MOVE = YES;
				CLANG_WARN_UNGUARDED_AVAILABILITY = YES_AGGRESSIVE;
				CLANG_WARN_UNREACHABLE_CODE = YES;
				CLANG_WARN__DUPLICATE_METHOD_MATCH = YES;
				CODE_SIGN_IDENTITY = "iPhone Developer";
				COPY_PHASE_STRIP = NO;
				DEBUG_INFORMATION_FORMAT = "dwarf-with-dsym";
				ENABLE_NS_ASSERTIONS = NO;
				ENABLE_STRICT_OBJC_MSGSEND = YES;
				GCC_C_LANGUAGE_STANDARD = gnu11;
				GCC_NO_COMMON_BLOCKS = YES;
				GCC_WARN_64_TO_32_BIT_CONVERSION = YES;
				GCC_WARN_ABOUT_RETURN_TYPE = YES_ERROR;
				GCC_WARN_UNDECLARED_SELECTOR = YES;
				GCC_WARN_UNINITIALIZED_AUTOS = YES_AGGRESSIVE;
				GCC_WARN_UNUSED_FUNCTION = YES;
				GCC_WARN_UNUSED_VARIABLE = YES;
				IPHONEOS_DEPLOYMENT_TARGET = 12.2;
				MTL_ENABLE_DEBUG_INFO = NO;
				MTL_FAST_MATH = YES;
				SDKROOT = iphoneos;
				SWIFT_COMPILATION_MODE = wholemodule;
				SWIFT_OPTIMIZATION_LEVEL = "-O";
				VALIDATE_PRODUCT = YES;
			};
			name = Release;
		};
		8393AB772270A5AB00C0959F /* Debug */ = {
			isa = XCBuildConfiguration;
			baseConfigurationReference = 736DE3488543C711C5DBE5D4 /* Pods-MovieDB.debug.xcconfig */;
			buildSettings = {
				ASSETCATALOG_COMPILER_APPICON_NAME = AppIcon;
				CODE_SIGN_STYLE = Automatic;
				INFOPLIST_FILE = "$(SRCROOT)/MovieDB/Supporting Files/Info.plist";
				LD_RUNPATH_SEARCH_PATHS = (
					"$(inherited)",
					"@executable_path/Frameworks",
				);
				PRODUCT_BUNDLE_IDENTIFIER = br.com.takumi.MovieDB;
				PRODUCT_NAME = "$(TARGET_NAME)";
				SWIFT_VERSION = 5.0;
				TARGETED_DEVICE_FAMILY = 1;
			};
			name = Debug;
		};
		8393AB782270A5AB00C0959F /* Release */ = {
			isa = XCBuildConfiguration;
			baseConfigurationReference = EE97099CB8BC881EE53BF7B7 /* Pods-MovieDB.release.xcconfig */;
			buildSettings = {
				ASSETCATALOG_COMPILER_APPICON_NAME = AppIcon;
				CODE_SIGN_STYLE = Automatic;
				INFOPLIST_FILE = "$(SRCROOT)/MovieDB/Supporting Files/Info.plist";
				LD_RUNPATH_SEARCH_PATHS = (
					"$(inherited)",
					"@executable_path/Frameworks",
				);
				PRODUCT_BUNDLE_IDENTIFIER = br.com.takumi.MovieDB;
				PRODUCT_NAME = "$(TARGET_NAME)";
				SWIFT_VERSION = 5.0;
				TARGETED_DEVICE_FAMILY = 1;
			};
			name = Release;
		};
/* End XCBuildConfiguration section */

/* Begin XCConfigurationList section */
		8393AB5F2270A5AA00C0959F /* Build configuration list for PBXProject "MovieDB" */ = {
			isa = XCConfigurationList;
			buildConfigurations = (
				8393AB742270A5AB00C0959F /* Debug */,
				8393AB752270A5AB00C0959F /* Release */,
			);
			defaultConfigurationIsVisible = 0;
			defaultConfigurationName = Release;
		};
		8393AB762270A5AB00C0959F /* Build configuration list for PBXNativeTarget "MovieDB" */ = {
			isa = XCConfigurationList;
			buildConfigurations = (
				8393AB772270A5AB00C0959F /* Debug */,
				8393AB782270A5AB00C0959F /* Release */,
			);
			defaultConfigurationIsVisible = 0;
			defaultConfigurationName = Release;
		};
/* End XCConfigurationList section */
	};
	rootObject = 8393AB5C2270A5AA00C0959F /* Project object */;
}
